
Microsoft Visual Studio Solution File, Format Version 12.00
Project("{FAE04EC0-301F-11D3-BF4B-00C04F79EFBC}") = "EnquireSolutions.Sdk", "EnquireSolutions.Sdk\EnquireSolutions.Sdk.csproj", "{488396F8-D74E-41CC-90A4-1736BEADC06F}"
EndProject
Global
	GlobalSection(SolutionConfigurationPlatforms) = preSolution
		Debug|Any CPU = Debug|Any CPU
		Release|Any CPU = Release|Any CPU
	EndGlobalSection
	GlobalSection(ProjectConfigurationPlatforms) = postSolution
		{488396F8-D74E-41CC-90A4-1736BEADC06F}.Debug|Any CPU.ActiveCfg = Debug|Any CPU
		{488396F8-D74E-41CC-90A4-1736BEADC06F}.Debug|Any CPU.Build.0 = Debug|Any CPU
		{488396F8-D74E-41CC-90A4-1736BEADC06F}.Release|Any CPU.ActiveCfg = Release|Any CPU
		{488396F8-D74E-41CC-90A4-1736BEADC06F}.Release|Any CPU.Build.0 = Release|Any CPU
	EndGlobalSection
EndGlobal
